// !$*UTF8*$!
{
	archiveVersion = 1;
	classes = {
	};
	objectVersion = 46;
	objects = {

/* Begin PBXBuildFile section */
		3995FAA51853774A00EB47A2 /* BSLAddToDoItem.m in Sources */ = {isa = PBXBuildFile; fileRef = 3995FAA41853774A00EB47A2 /* BSLAddToDoItem.m */; };
		3995FAA81853781700EB47A2 /* BSLToDoList.m in Sources */ = {isa = PBXBuildFile; fileRef = 3995FAA71853781700EB47A2 /* BSLToDoList.m */; };
		E3454E4B18522DD500BBE6E8 /* Foundation.framework in Frameworks */ = {isa = PBXBuildFile; fileRef = E3454E4A18522DD500BBE6E8 /* Foundation.framework */; };
		E3454E4D18522DD500BBE6E8 /* CoreGraphics.framework in Frameworks */ = {isa = PBXBuildFile; fileRef = E3454E4C18522DD500BBE6E8 /* CoreGraphics.framework */; };
		E3454E4F18522DD500BBE6E8 /* UIKit.framework in Frameworks */ = {isa = PBXBuildFile; fileRef = E3454E4E18522DD500BBE6E8 /* UIKit.framework */; };
		E3454E5518522DD500BBE6E8 /* InfoPlist.strings in Resources */ = {isa = PBXBuildFile; fileRef = E3454E5318522DD500BBE6E8 /* InfoPlist.strings */; };
		E3454E5718522DD500BBE6E8 /* main.m in Sources */ = {isa = PBXBuildFile; fileRef = E3454E5618522DD500BBE6E8 /* main.m */; };
		E3454E5B18522DD500BBE6E8 /* BSLAppDelegate.m in Sources */ = {isa = PBXBuildFile; fileRef = E3454E5A18522DD500BBE6E8 /* BSLAppDelegate.m */; };
		E3454E5D18522DD500BBE6E8 /* Images.xcassets in Resources */ = {isa = PBXBuildFile; fileRef = E3454E5C18522DD500BBE6E8 /* Images.xcassets */; };
		E3454E6418522DD500BBE6E8 /* XCTest.framework in Frameworks */ = {isa = PBXBuildFile; fileRef = E3454E6318522DD500BBE6E8 /* XCTest.framework */; };
		E3454E6518522DD500BBE6E8 /* Foundation.framework in Frameworks */ = {isa = PBXBuildFile; fileRef = E3454E4A18522DD500BBE6E8 /* Foundation.framework */; };
		E3454E6618522DD500BBE6E8 /* UIKit.framework in Frameworks */ = {isa = PBXBuildFile; fileRef = E3454E4E18522DD500BBE6E8 /* UIKit.framework */; };
		E3454E6E18522DD500BBE6E8 /* InfoPlist.strings in Resources */ = {isa = PBXBuildFile; fileRef = E3454E6C18522DD500BBE6E8 /* InfoPlist.strings */; };
		E3454E7018522DD500BBE6E8 /* ios_official_tutorialTests.m in Sources */ = {isa = PBXBuildFile; fileRef = E3454E6F18522DD500BBE6E8 /* ios_official_tutorialTests.m */; };
		E3454E7A185232F300BBE6E8 /* Main.storyboard in Resources */ = {isa = PBXBuildFile; fileRef = E3454E79185232F300BBE6E8 /* Main.storyboard */; };
/* End PBXBuildFile section */

/* Begin PBXContainerItemProxy section */
		E3454E6718522DD500BBE6E8 /* PBXContainerItemProxy */ = {
			isa = PBXContainerItemProxy;
			containerPortal = E3454E3F18522DD500BBE6E8 /* Project object */;
			proxyType = 1;
			remoteGlobalIDString = E3454E4618522DD500BBE6E8;
			remoteInfo = "ios-official-tutorial";
		};
/* End PBXContainerItemProxy section */

/* Begin PBXFileReference section */
		3995FAA31853774A00EB47A2 /* BSLAddToDoItem.h */ = {isa = PBXFileReference; fileEncoding = 4; lastKnownFileType = sourcecode.c.h; path = BSLAddToDoItem.h; sourceTree = "<group>"; };
		3995FAA41853774A00EB47A2 /* BSLAddToDoItem.m */ = {isa = PBXFileReference; fileEncoding = 4; lastKnownFileType = sourcecode.c.objc; path = BSLAddToDoItem.m; sourceTree = "<group>"; };
		3995FAA61853781700EB47A2 /* BSLToDoList.h */ = {isa = PBXFileReference; fileEncoding = 4; lastKnownFileType = sourcecode.c.h; path = BSLToDoList.h; sourceTree = "<group>"; };
		3995FAA71853781700EB47A2 /* BSLToDoList.m */ = {isa = PBXFileReference; fileEncoding = 4; lastKnownFileType = sourcecode.c.objc; path = BSLToDoList.m; sourceTree = "<group>"; };
		E3454E4718522DD500BBE6E8 /* ios-official-tutorial.app */ = {isa = PBXFileReference; explicitFileType = wrapper.application; includeInIndex = 0; path = "ios-official-tutorial.app"; sourceTree = BUILT_PRODUCTS_DIR; };
		E3454E4A18522DD500BBE6E8 /* Foundation.framework */ = {isa = PBXFileReference; lastKnownFileType = wrapper.framework; name = Foundation.framework; path = System/Library/Frameworks/Foundation.framework; sourceTree = SDKROOT; };
		E3454E4C18522DD500BBE6E8 /* CoreGraphics.framework */ = {isa = PBXFileReference; lastKnownFileType = wrapper.framework; name = CoreGraphics.framework; path = System/Library/Frameworks/CoreGraphics.framework; sourceTree = SDKROOT; };
		E3454E4E18522DD500BBE6E8 /* UIKit.framework */ = {isa = PBXFileReference; lastKnownFileType = wrapper.framework; name = UIKit.framework; path = System/Library/Frameworks/UIKit.framework; sourceTree = SDKROOT; };
		E3454E5218522DD500BBE6E8 /* ios-official-tutorial-Info.plist */ = {isa = PBXFileReference; lastKnownFileType = text.plist.xml; path = "ios-official-tutorial-Info.plist"; sourceTree = "<group>"; };
		E3454E5418522DD500BBE6E8 /* en */ = {isa = PBXFileReference; lastKnownFileType = text.plist.strings; name = en; path = en.lproj/InfoPlist.strings; sourceTree = "<group>"; };
		E3454E5618522DD500BBE6E8 /* main.m */ = {isa = PBXFileReference; lastKnownFileType = sourcecode.c.objc; path = main.m; sourceTree = "<group>"; };
		E3454E5818522DD500BBE6E8 /* ios-official-tutorial-Prefix.pch */ = {isa = PBXFileReference; lastKnownFileType = sourcecode.c.h; path = "ios-official-tutorial-Prefix.pch"; sourceTree = "<group>"; };
		E3454E5918522DD500BBE6E8 /* BSLAppDelegate.h */ = {isa = PBXFileReference; lastKnownFileType = sourcecode.c.h; path = BSLAppDelegate.h; sourceTree = "<group>"; };
		E3454E5A18522DD500BBE6E8 /* BSLAppDelegate.m */ = {isa = PBXFileReference; lastKnownFileType = sourcecode.c.objc; path = BSLAppDelegate.m; sourceTree = "<group>"; };
		E3454E5C18522DD500BBE6E8 /* Images.xcassets */ = {isa = PBXFileReference; lastKnownFileType = folder.assetcatalog; path = Images.xcassets; sourceTree = "<group>"; };
		E3454E6218522DD500BBE6E8 /* ios-official-tutorialTests.xctest */ = {isa = PBXFileReference; explicitFileType = wrapper.cfbundle; includeInIndex = 0; path = "ios-official-tutorialTests.xctest"; sourceTree = BUILT_PRODUCTS_DIR; };
		E3454E6318522DD500BBE6E8 /* XCTest.framework */ = {isa = PBXFileReference; lastKnownFileType = wrapper.framework; name = XCTest.framework; path = Library/Frameworks/XCTest.framework; sourceTree = DEVELOPER_DIR; };
		E3454E6B18522DD500BBE6E8 /* ios-official-tutorialTests-Info.plist */ = {isa = PBXFileReference; lastKnownFileType = text.plist.xml; path = "ios-official-tutorialTests-Info.plist"; sourceTree = "<group>"; };
		E3454E6D18522DD500BBE6E8 /* en */ = {isa = PBXFileReference; lastKnownFileType = text.plist.strings; name = en; path = en.lproj/InfoPlist.strings; sourceTree = "<group>"; };
		E3454E6F18522DD500BBE6E8 /* ios_official_tutorialTests.m */ = {isa = PBXFileReference; lastKnownFileType = sourcecode.c.objc; path = ios_official_tutorialTests.m; sourceTree = "<group>"; };
		E3454E79185232F300BBE6E8 /* Main.storyboard */ = {isa = PBXFileReference; fileEncoding = 4; lastKnownFileType = file.storyboard; path = Main.storyboard; sourceTree = "<group>"; };
/* End PBXFileReference section */

/* Begin PBXFrameworksBuildPhase section */
		E3454E4418522DD500BBE6E8 /* Frameworks */ = {
			isa = PBXFrameworksBuildPhase;
			buildActionMask = 2147483647;
			files = (
				E3454E4D18522DD500BBE6E8 /* CoreGraphics.framework in Frameworks */,
				E3454E4F18522DD500BBE6E8 /* UIKit.framework in Frameworks */,
				E3454E4B18522DD500BBE6E8 /* Foundation.framework in Frameworks */,
			);
			runOnlyForDeploymentPostprocessing = 0;
		};
		E3454E5F18522DD500BBE6E8 /* Frameworks */ = {
			isa = PBXFrameworksBuildPhase;
			buildActionMask = 2147483647;
			files = (
				E3454E6418522DD500BBE6E8 /* XCTest.framework in Frameworks */,
				E3454E6618522DD500BBE6E8 /* UIKit.framework in Frameworks */,
				E3454E6518522DD500BBE6E8 /* Foundation.framework in Frameworks */,
			);
			runOnlyForDeploymentPostprocessing = 0;
		};
/* End PBXFrameworksBuildPhase section */

/* Begin PBXGroup section */
		E3454E3E18522DD500BBE6E8 = {
			isa = PBXGroup;
			children = (
				E3454E5018522DD500BBE6E8 /* ios-official-tutorial */,
				E3454E6918522DD500BBE6E8 /* ios-official-tutorialTests */,
				E3454E4918522DD500BBE6E8 /* Frameworks */,
				E3454E4818522DD500BBE6E8 /* Products */,
			);
			sourceTree = "<group>";
		};
		E3454E4818522DD500BBE6E8 /* Products */ = {
			isa = PBXGroup;
			children = (
				E3454E4718522DD500BBE6E8 /* ios-official-tutorial.app */,
				E3454E6218522DD500BBE6E8 /* ios-official-tutorialTests.xctest */,
			);
			name = Products;
			sourceTree = "<group>";
		};
		E3454E4918522DD500BBE6E8 /* Frameworks */ = {
			isa = PBXGroup;
			children = (
				E3454E4A18522DD500BBE6E8 /* Foundation.framework */,
				E3454E4C18522DD500BBE6E8 /* CoreGraphics.framework */,
				E3454E4E18522DD500BBE6E8 /* UIKit.framework */,
				E3454E6318522DD500BBE6E8 /* XCTest.framework */,
			);
			name = Frameworks;
			sourceTree = "<group>";
		};
		E3454E5018522DD500BBE6E8 /* ios-official-tutorial */ = {
			isa = PBXGroup;
			children = (
				E3454E5918522DD500BBE6E8 /* BSLAppDelegate.h */,
				E3454E5A18522DD500BBE6E8 /* BSLAppDelegate.m */,
				E3454E79185232F300BBE6E8 /* Main.storyboard */,
				3995FAA61853781700EB47A2 /* BSLToDoList.h */,
				3995FAA71853781700EB47A2 /* BSLToDoList.m */,
				3995FAA31853774A00EB47A2 /* BSLAddToDoItem.h */,
				3995FAA41853774A00EB47A2 /* BSLAddToDoItem.m */,
				E3454E5C18522DD500BBE6E8 /* Images.xcassets */,
				E3454E5118522DD500BBE6E8 /* Supporting Files */,
			);
			path = "ios-official-tutorial";
			sourceTree = "<group>";
		};
		E3454E5118522DD500BBE6E8 /* Supporting Files */ = {
			isa = PBXGroup;
			children = (
				E3454E5218522DD500BBE6E8 /* ios-official-tutorial-Info.plist */,
				E3454E5318522DD500BBE6E8 /* InfoPlist.strings */,
				E3454E5618522DD500BBE6E8 /* main.m */,
				E3454E5818522DD500BBE6E8 /* ios-official-tutorial-Prefix.pch */,
			);
			name = "Supporting Files";
			sourceTree = "<group>";
		};
		E3454E6918522DD500BBE6E8 /* ios-official-tutorialTests */ = {
			isa = PBXGroup;
			children = (
				E3454E6F18522DD500BBE6E8 /* ios_official_tutorialTests.m */,
				E3454E6A18522DD500BBE6E8 /* Supporting Files */,
			);
			path = "ios-official-tutorialTests";
			sourceTree = "<group>";
		};
		E3454E6A18522DD500BBE6E8 /* Supporting Files */ = {
			isa = PBXGroup;
			children = (
				E3454E6B18522DD500BBE6E8 /* ios-official-tutorialTests-Info.plist */,
				E3454E6C18522DD500BBE6E8 /* InfoPlist.strings */,
			);
			name = "Supporting Files";
			sourceTree = "<group>";
		};
/* End PBXGroup section */

/* Begin PBXNativeTarget section */
		E3454E4618522DD500BBE6E8 /* ios-official-tutorial */ = {
			isa = PBXNativeTarget;
			buildConfigurationList = E3454E7318522DD500BBE6E8 /* Build configuration list for PBXNativeTarget "ios-official-tutorial" */;
			buildPhases = (
				E3454E4318522DD500BBE6E8 /* Sources */,
				E3454E4418522DD500BBE6E8 /* Frameworks */,
				E3454E4518522DD500BBE6E8 /* Resources */,
			);
			buildRules = (
			);
			dependencies = (
			);
			name = "ios-official-tutorial";
			productName = "ios-official-tutorial";
			productReference = E3454E4718522DD500BBE6E8 /* ios-official-tutorial.app */;
			productType = "com.apple.product-type.application";
		};
		E3454E6118522DD500BBE6E8 /* ios-official-tutorialTests */ = {
			isa = PBXNativeTarget;
			buildConfigurationList = E3454E7618522DD500BBE6E8 /* Build configuration list for PBXNativeTarget "ios-official-tutorialTests" */;
			buildPhases = (
				E3454E5E18522DD500BBE6E8 /* Sources */,
				E3454E5F18522DD500BBE6E8 /* Frameworks */,
				E3454E6018522DD500BBE6E8 /* Resources */,
			);
			buildRules = (
			);
			dependencies = (
				E3454E6818522DD500BBE6E8 /* PBXTargetDependency */,
			);
			name = "ios-official-tutorialTests";
			productName = "ios-official-tutorialTests";
			productReference = E3454E6218522DD500BBE6E8 /* ios-official-tutorialTests.xctest */;
			productType = "com.apple.product-type.bundle.unit-test";
		};
/* End PBXNativeTarget section */

/* Begin PBXProject section */
		E3454E3F18522DD500BBE6E8 /* Project object */ = {
			isa = PBXProject;
			attributes = {
				CLASSPREFIX = BSL;
				LastUpgradeCheck = 0500;
				ORGANIZATIONNAME = "Brunno Santos";
				TargetAttributes = {
					E3454E6118522DD500BBE6E8 = {
						TestTargetID = E3454E4618522DD500BBE6E8;
					};
				};
			};
			buildConfigurationList = E3454E4218522DD500BBE6E8 /* Build configuration list for PBXProject "ios-official-tutorial" */;
			compatibilityVersion = "Xcode 3.2";
			developmentRegion = English;
			hasScannedForEncodings = 0;
			knownRegions = (
				en,
			);
			mainGroup = E3454E3E18522DD500BBE6E8;
			productRefGroup = E3454E4818522DD500BBE6E8 /* Products */;
			projectDirPath = "";
			projectRoot = "";
			targets = (
				E3454E4618522DD500BBE6E8 /* ios-official-tutorial */,
				E3454E6118522DD500BBE6E8 /* ios-official-tutorialTests */,
			);
		};
/* End PBXProject section */

/* Begin PBXResourcesBuildPhase section */
		E3454E4518522DD500BBE6E8 /* Resources */ = {
			isa = PBXResourcesBuildPhase;
			buildActionMask = 2147483647;
			files = (
				E3454E7A185232F300BBE6E8 /* Main.storyboard in Resources */,
				E3454E5518522DD500BBE6E8 /* InfoPlist.strings in Resources */,
				E3454E5D18522DD500BBE6E8 /* Images.xcassets in Resources */,
			);
			runOnlyForDeploymentPostprocessing = 0;
		};
		E3454E6018522DD500BBE6E8 /* Resources */ = {
			isa = PBXResourcesBuildPhase;
			buildActionMask = 2147483647;
			files = (
				E3454E6E18522DD500BBE6E8 /* InfoPlist.strings in Resources */,
			);
			runOnlyForDeploymentPostprocessing = 0;
		};
/* End PBXResourcesBuildPhase section */

/* Begin PBXSourcesBuildPhase section */
		E3454E4318522DD500BBE6E8 /* Sources */ = {
			isa = PBXSourcesBuildPhase;
			buildActionMask = 2147483647;
			files = (
				E3454E5B18522DD500BBE6E8 /* BSLAppDelegate.m in Sources */,
				E3454E5718522DD500BBE6E8 /* main.m in Sources */,
				3995FAA51853774A00EB47A2 /* BSLAddToDoItem.m in Sources */,
				3995FAA81853781700EB47A2 /* BSLToDoList.m in Sources */,
			);
			runOnlyForDeploymentPostprocessing = 0;
		};
		E3454E5E18522DD500BBE6E8 /* Sources */ = {
			isa = PBXSourcesBuildPhase;
			buildActionMask = 2147483647;
			files = (
				E3454E7018522DD500BBE6E8 /* ios_official_tutorialTests.m in Sources */,
			);
			runOnlyForDeploymentPostprocessing = 0;
		};
/* End PBXSourcesBuildPhase section */

/* Begin PBXTargetDependency section */
		E3454E6818522DD500BBE6E8 /* PBXTargetDependency */ = {
			isa = PBXTargetDependency;
			target = E3454E4618522DD500BBE6E8 /* ios-official-tutorial */;
			targetProxy = E3454E6718522DD500BBE6E8 /* PBXContainerItemProxy */;
		};
/* End PBXTargetDependency section */

/* Begin PBXVariantGroup section */
		E3454E5318522DD500BBE6E8 /* InfoPlist.strings */ = {
			isa = PBXVariantGroup;
			children = (
				E3454E5418522DD500BBE6E8 /* en */,
			);
			name = InfoPlist.strings;
			sourceTree = "<group>";
		};
		E3454E6C18522DD500BBE6E8 /* InfoPlist.strings */ = {
			isa = PBXVariantGroup;
			children = (
				E3454E6D18522DD500BBE6E8 /* en */,
			);
			name = InfoPlist.strings;
			sourceTree = "<group>";
		};
/* End PBXVariantGroup section */

/* Begin XCBuildConfiguration section */
		E3454E7118522DD500BBE6E8 /* Debug */ = {
			isa = XCBuildConfiguration;
			buildSettings = {
				ALWAYS_SEARCH_USER_PATHS = NO;
				ARCHS = "$(ARCHS_STANDARD_INCLUDING_64_BIT)";
				CLANG_CXX_LANGUAGE_STANDARD = "gnu++0x";
				CLANG_CXX_LIBRARY = "libc++";
				CLANG_ENABLE_MODULES = YES;
				CLANG_ENABLE_OBJC_ARC = YES;
				CLANG_WARN_BOOL_CONVERSION = YES;
				CLANG_WARN_CONSTANT_CONVERSION = YES;
				CLANG_WARN_DIRECT_OBJC_ISA_USAGE = YES_ERROR;
				CLANG_WARN_EMPTY_BODY = YES;
				CLANG_WARN_ENUM_CONVERSION = YES;
				CLANG_WARN_INT_CONVERSION = YES;
				CLANG_WARN_OBJC_ROOT_CLASS = YES_ERROR;
				CLANG_WARN__DUPLICATE_METHOD_MATCH = YES;
				"CODE_SIGN_IDENTITY[sdk=iphoneos*]" = "iPhone Developer";
				COPY_PHASE_STRIP = NO;
				GCC_C_LANGUAGE_STANDARD = gnu99;
				GCC_DYNAMIC_NO_PIC = NO;
				GCC_OPTIMIZATION_LEVEL = 0;
				GCC_PREPROCESSOR_DEFINITIONS = (
					"DEBUG=1",
					"$(inherited)",
				);
				GCC_SYMBOLS_PRIVATE_EXTERN = NO;
				GCC_WARN_64_TO_32_BIT_CONVERSION = YES;
				GCC_WARN_ABOUT_RETURN_TYPE = YES_ERROR;
				GCC_WARN_UNDECLARED_SELECTOR = YES;
				GCC_WARN_UNINITIALIZED_AUTOS = YES;
				GCC_WARN_UNUSED_FUNCTION = YES;
				GCC_WARN_UNUSED_VARIABLE = YES;
				IPHONEOS_DEPLOYMENT_TARGET = 7.0;
				ONLY_ACTIVE_ARCH = YES;
				SDKROOT = iphoneos;
			};
			name = Debug;
		};
		E3454E7218522DD500BBE6E8 /* Release */ = {
			isa = XCBuildConfiguration;
			buildSettings = {
				ALWAYS_SEARCH_USER_PATHS = NO;
				ARCHS = "$(ARCHS_STANDARD_INCLUDING_64_BIT)";
				CLANG_CXX_LANGUAGE_STANDARD = "gnu++0x";
				CLANG_CXX_LIBRARY = "libc++";
				CLANG_ENABLE_MODULES = YES;
				CLANG_ENABLE_OBJC_ARC = YES;
				CLANG_WARN_BOOL_CONVERSION = YES;
				CLANG_WARN_CONSTANT_CONVERSION = YES;
				CLANG_WARN_DIRECT_OBJC_ISA_USAGE = YES_ERROR;
				CLANG_WARN_EMPTY_BODY = YES;
				CLANG_WARN_ENUM_CONVERSION = YES;
				CLANG_WARN_INT_CONVERSION = YES;
				CLANG_WARN_OBJC_ROOT_CLASS = YES_ERROR;
				CLANG_WARN__DUPLICATE_METHOD_MATCH = YES;
				"CODE_SIGN_IDENTITY[sdk=iphoneos*]" = "iPhone Developer";
				COPY_PHASE_STRIP = YES;
				ENABLE_NS_ASSERTIONS = NO;
				GCC_C_LANGUAGE_STANDARD = gnu99;
				GCC_WARN_64_TO_32_BIT_CONVERSION = YES;
				GCC_WARN_ABOUT_RETURN_TYPE = YES_ERROR;
				GCC_WARN_UNDECLARED_SELECTOR = YES;
				GCC_WARN_UNINITIALIZED_AUTOS = YES;
				GCC_WARN_UNUSED_FUNCTION = YES;
				GCC_WARN_UNUSED_VARIABLE = YES;
				IPHONEOS_DEPLOYMENT_TARGET = 7.0;
				SDKROOT = iphoneos;
				VALIDATE_PRODUCT = YES;
			};
			name = Release;
		};
		E3454E7418522DD500BBE6E8 /* Debug */ = {
			isa = XCBuildConfiguration;
			buildSettings = {
				ASSETCATALOG_COMPILER_APPICON_NAME = AppIcon;
				ASSETCATALOG_COMPILER_LAUNCHIMAGE_NAME = LaunchImage;
				GCC_PRECOMPILE_PREFIX_HEADER = YES;
				GCC_PREFIX_HEADER = "ios-official-tutorial/ios-official-tutorial-Prefix.pch";
				INFOPLIST_FILE = "ios-official-tutorial/ios-official-tutorial-Info.plist";
				PRODUCT_NAME = "$(TARGET_NAME)";
				WRAPPER_EXTENSION = app;
			};
			name = Debug;
		};
		E3454E7518522DD500BBE6E8 /* Release */ = {
			isa = XCBuildConfiguration;
			buildSettings = {
				ASSETCATALOG_COMPILER_APPICON_NAME = AppIcon;
				ASSETCATALOG_COMPILER_LAUNCHIMAGE_NAME = LaunchImage;
				GCC_PRECOMPILE_PREFIX_HEADER = YES;
				GCC_PREFIX_HEADER = "ios-official-tutorial/ios-official-tutorial-Prefix.pch";
				INFOPLIST_FILE = "ios-official-tutorial/ios-official-tutorial-Info.plist";
				PRODUCT_NAME = "$(TARGET_NAME)";
				WRAPPER_EXTENSION = app;
			};
			name = Release;
		};
		E3454E7718522DD500BBE6E8 /* Debug */ = {
			isa = XCBuildConfiguration;
			buildSettings = {
				ARCHS = "$(ARCHS_STANDARD_INCLUDING_64_BIT)";
				BUNDLE_LOADER = "$(BUILT_PRODUCTS_DIR)/ios-official-tutorial.app/ios-official-tutorial";
				FRAMEWORK_SEARCH_PATHS = (
					"$(SDKROOT)/Developer/Library/Frameworks",
					"$(inherited)",
					"$(DEVELOPER_FRAMEWORKS_DIR)",
				);
				GCC_PRECOMPILE_PREFIX_HEADER = YES;
				GCC_PREFIX_HEADER = "ios-official-tutorial/ios-official-tutorial-Prefix.pch";
				GCC_PREPROCESSOR_DEFINITIONS = (
					"DEBUG=1",
					"$(inherited)",
				);
				INFOPLIST_FILE = "ios-official-tutorialTests/ios-official-tutorialTests-Info.plist";
				PRODUCT_NAME = "$(TARGET_NAME)";
				TEST_HOST = "$(BUNDLE_LOADER)";
				WRAPPER_EXTENSION = xctest;
			};
			name = Debug;
		};
		E3454E7818522DD500BBE6E8 /* Release */ = {
			isa = XCBuildConfiguration;
			buildSettings = {
				ARCHS = "$(ARCHS_STANDARD_INCLUDING_64_BIT)";
				BUNDLE_LOADER = "$(BUILT_PRODUCTS_DIR)/ios-official-tutorial.app/ios-official-tutorial";
				FRAMEWORK_SEARCH_PATHS = (
					"$(SDKROOT)/Developer/Library/Frameworks",
					"$(inherited)",
					"$(DEVELOPER_FRAMEWORKS_DIR)",
				);
				GCC_PRECOMPILE_PREFIX_HEADER = YES;
				GCC_PREFIX_HEADER = "ios-official-tutorial/ios-official-tutorial-Prefix.pch";
				INFOPLIST_FILE = "ios-official-tutorialTests/ios-official-tutorialTests-Info.plist";
				PRODUCT_NAME = "$(TARGET_NAME)";
				TEST_HOST = "$(BUNDLE_LOADER)";
				WRAPPER_EXTENSION = xctest;
			};
			name = Release;
		};
/* End XCBuildConfiguration section */

/* Begin XCConfigurationList section */
		E3454E4218522DD500BBE6E8 /* Build configuration list for PBXProject "ios-official-tutorial" */ = {
			isa = XCConfigurationList;
			buildConfigurations = (
				E3454E7118522DD500BBE6E8 /* Debug */,
				E3454E7218522DD500BBE6E8 /* Release */,
			);
			defaultConfigurationIsVisible = 0;
			defaultConfigurationName = Release;
		};
		E3454E7318522DD500BBE6E8 /* Build configuration list for PBXNativeTarget "ios-official-tutorial" */ = {
			isa = XCConfigurationList;
			buildConfigurations = (
				E3454E7418522DD500BBE6E8 /* Debug */,
				E3454E7518522DD500BBE6E8 /* Release */,
			);
			defaultConfigurationIsVisible = 0;
			defaultConfigurationName = Release;
		};
		E3454E7618522DD500BBE6E8 /* Build configuration list for PBXNativeTarget "ios-official-tutorialTests" */ = {
			isa = XCConfigurationList;
			buildConfigurations = (
				E3454E7718522DD500BBE6E8 /* Debug */,
				E3454E7818522DD500BBE6E8 /* Release */,
			);
			defaultConfigurationIsVisible = 0;
			defaultConfigurationName = Release;
		};
/* End XCConfigurationList section */
	};
	rootObject = E3454E3F18522DD500BBE6E8 /* Project object */;
}
